// !$*UTF8*$!
{
	archiveVersion = 1;
	classes = {
	};
	objectVersion = 46;
	objects = {

/* Begin PBXBuildFile section */
		1F87F24D1A705AC200BAE0A1 /* AppDelegate.swift in Sources */ = {isa = PBXBuildFile; fileRef = 1F87F24C1A705AC200BAE0A1 /* AppDelegate.swift */; };
		1F87F24F1A705AC200BAE0A1 /* ViewController.swift in Sources */ = {isa = PBXBuildFile; fileRef = 1F87F24E1A705AC200BAE0A1 /* ViewController.swift */; };
		1F87F2521A705AC200BAE0A1 /* Main.storyboard in Resources */ = {isa = PBXBuildFile; fileRef = 1F87F2501A705AC200BAE0A1 /* Main.storyboard */; };
		1F87F2541A705AC200BAE0A1 /* Images.xcassets in Resources */ = {isa = PBXBuildFile; fileRef = 1F87F2531A705AC200BAE0A1 /* Images.xcassets */; };
		1F87F2571A705AC200BAE0A1 /* LaunchScreen.xib in Resources */ = {isa = PBXBuildFile; fileRef = 1F87F2551A705AC200BAE0A1 /* LaunchScreen.xib */; };
		1F87F2631A705AC200BAE0A1 /* DepotSwiftExampleTests.swift in Sources */ = {isa = PBXBuildFile; fileRef = 1F87F2621A705AC200BAE0A1 /* DepotSwiftExampleTests.swift */; };
		1F87F2A31A705BBA00BAE0A1 /* Depot.swift in Sources */ = {isa = PBXBuildFile; fileRef = 1F87F2A01A705BBA00BAE0A1 /* Depot.swift */; };
		1F87F2A41A705BBA00BAE0A1 /* LocalDBData.swift in Sources */ = {isa = PBXBuildFile; fileRef = 1F87F2A11A705BBA00BAE0A1 /* LocalDBData.swift */; };
		1F87F2A51A705BBA00BAE0A1 /* TestData.swift in Sources */ = {isa = PBXBuildFile; fileRef = 1F87F2A21A705BBA00BAE0A1 /* TestData.swift */; };
		1F87F2AB1A705DA100BAE0A1 /* WebserviceData.swift in Sources */ = {isa = PBXBuildFile; fileRef = 1F87F2AA1A705DA100BAE0A1 /* WebserviceData.swift */; };
/* End PBXBuildFile section */

/* Begin PBXContainerItemProxy section */
		1F87F25D1A705AC200BAE0A1 /* PBXContainerItemProxy */ = {
			isa = PBXContainerItemProxy;
			containerPortal = 1F87F23F1A705AC200BAE0A1 /* Project object */;
			proxyType = 1;
			remoteGlobalIDString = 1F87F2461A705AC200BAE0A1;
			remoteInfo = DepotSwiftExample;
		};
/* End PBXContainerItemProxy section */

/* Begin PBXFileReference section */
		1F87F2471A705AC200BAE0A1 /* DepotSwiftExample.app */ = {isa = PBXFileReference; explicitFileType = wrapper.application; includeInIndex = 0; path = DepotSwiftExample.app; sourceTree = BUILT_PRODUCTS_DIR; };
		1F87F24B1A705AC200BAE0A1 /* Info.plist */ = {isa = PBXFileReference; lastKnownFileType = text.plist.xml; path = Info.plist; sourceTree = "<group>"; };
		1F87F24C1A705AC200BAE0A1 /* AppDelegate.swift */ = {isa = PBXFileReference; lastKnownFileType = sourcecode.swift; path = AppDelegate.swift; sourceTree = "<group>"; };
		1F87F24E1A705AC200BAE0A1 /* ViewController.swift */ = {isa = PBXFileReference; lastKnownFileType = sourcecode.swift; path = ViewController.swift; sourceTree = "<group>"; };
		1F87F2511A705AC200BAE0A1 /* Base */ = {isa = PBXFileReference; lastKnownFileType = file.storyboard; name = Base; path = Base.lproj/Main.storyboard; sourceTree = "<group>"; };
		1F87F2531A705AC200BAE0A1 /* Images.xcassets */ = {isa = PBXFileReference; lastKnownFileType = folder.assetcatalog; path = Images.xcassets; sourceTree = "<group>"; };
		1F87F2561A705AC200BAE0A1 /* Base */ = {isa = PBXFileReference; lastKnownFileType = file.xib; name = Base; path = Base.lproj/LaunchScreen.xib; sourceTree = "<group>"; };
		1F87F25C1A705AC200BAE0A1 /* DepotSwiftExampleTests.xctest */ = {isa = PBXFileReference; explicitFileType = wrapper.cfbundle; includeInIndex = 0; path = DepotSwiftExampleTests.xctest; sourceTree = BUILT_PRODUCTS_DIR; };
		1F87F2611A705AC200BAE0A1 /* Info.plist */ = {isa = PBXFileReference; lastKnownFileType = text.plist.xml; path = Info.plist; sourceTree = "<group>"; };
		1F87F2621A705AC200BAE0A1 /* DepotSwiftExampleTests.swift */ = {isa = PBXFileReference; lastKnownFileType = sourcecode.swift; path = DepotSwiftExampleTests.swift; sourceTree = "<group>"; };
		1F87F2A01A705BBA00BAE0A1 /* Depot.swift */ = {isa = PBXFileReference; fileEncoding = 4; lastKnownFileType = sourcecode.swift; name = Depot.swift; path = ../../../Depot/Depot.swift; sourceTree = "<group>"; };
		1F87F2A11A705BBA00BAE0A1 /* LocalDBData.swift */ = {isa = PBXFileReference; fileEncoding = 4; lastKnownFileType = sourcecode.swift; name = LocalDBData.swift; path = ../../../Depot/LocalDBData.swift; sourceTree = "<group>"; };
		1F87F2A21A705BBA00BAE0A1 /* TestData.swift */ = {isa = PBXFileReference; fileEncoding = 4; lastKnownFileType = sourcecode.swift; name = TestData.swift; path = ../../../Depot/TestData.swift; sourceTree = "<group>"; };
		1F87F2AA1A705DA100BAE0A1 /* WebserviceData.swift */ = {isa = PBXFileReference; fileEncoding = 4; lastKnownFileType = sourcecode.swift; name = WebserviceData.swift; path = ../../../Depot/WebserviceData.swift; sourceTree = "<group>"; };
/* End PBXFileReference section */

/* Begin PBXFrameworksBuildPhase section */
		1F87F2441A705AC200BAE0A1 /* Frameworks */ = {
			isa = PBXFrameworksBuildPhase;
			buildActionMask = 2147483647;
			files = (
			);
			runOnlyForDeploymentPostprocessing = 0;
		};
		1F87F2591A705AC200BAE0A1 /* Frameworks */ = {
			isa = PBXFrameworksBuildPhase;
			buildActionMask = 2147483647;
			files = (
			);
			runOnlyForDeploymentPostprocessing = 0;
		};
/* End PBXFrameworksBuildPhase section */

/* Begin PBXGroup section */
		1F87F23E1A705AC200BAE0A1 = {
			isa = PBXGroup;
			children = (
				1F87F2491A705AC200BAE0A1 /* DepotSwiftExample */,
				1F87F25F1A705AC200BAE0A1 /* DepotSwiftExampleTests */,
				1F87F2481A705AC200BAE0A1 /* Products */,
			);
			sourceTree = "<group>";
		};
		1F87F2481A705AC200BAE0A1 /* Products */ = {
			isa = PBXGroup;
			children = (
				1F87F2471A705AC200BAE0A1 /* DepotSwiftExample.app */,
				1F87F25C1A705AC200BAE0A1 /* DepotSwiftExampleTests.xctest */,
			);
			name = Products;
			sourceTree = "<group>";
		};
		1F87F2491A705AC200BAE0A1 /* DepotSwiftExample */ = {
			isa = PBXGroup;
			children = (
				1F87F29E1A705B4F00BAE0A1 /* Depot */,
				1F87F24C1A705AC200BAE0A1 /* AppDelegate.swift */,
				1F87F24E1A705AC200BAE0A1 /* ViewController.swift */,
				1F87F2501A705AC200BAE0A1 /* Main.storyboard */,
				1F87F2531A705AC200BAE0A1 /* Images.xcassets */,
				1F87F2551A705AC200BAE0A1 /* LaunchScreen.xib */,
				1F87F24A1A705AC200BAE0A1 /* Supporting Files */,
			);
			path = DepotSwiftExample;
			sourceTree = "<group>";
		};
		1F87F24A1A705AC200BAE0A1 /* Supporting Files */ = {
			isa = PBXGroup;
			children = (
				1F87F24B1A705AC200BAE0A1 /* Info.plist */,
			);
			name = "Supporting Files";
			sourceTree = "<group>";
		};
		1F87F25F1A705AC200BAE0A1 /* DepotSwiftExampleTests */ = {
			isa = PBXGroup;
			children = (
				1F87F2621A705AC200BAE0A1 /* DepotSwiftExampleTests.swift */,
				1F87F2601A705AC200BAE0A1 /* Supporting Files */,
			);
			path = DepotSwiftExampleTests;
			sourceTree = "<group>";
		};
		1F87F2601A705AC200BAE0A1 /* Supporting Files */ = {
			isa = PBXGroup;
			children = (
				1F87F2611A705AC200BAE0A1 /* Info.plist */,
			);
			name = "Supporting Files";
			sourceTree = "<group>";
		};
		1F87F29E1A705B4F00BAE0A1 /* Depot */ = {
			isa = PBXGroup;
			children = (
				1F87F2A01A705BBA00BAE0A1 /* Depot.swift */,
				1F87F29F1A705B7900BAE0A1 /* DataSources */,
			);
			name = Depot;
			sourceTree = "<group>";
		};
		1F87F29F1A705B7900BAE0A1 /* DataSources */ = {
			isa = PBXGroup;
			children = (
				1F87F2A11A705BBA00BAE0A1 /* LocalDBData.swift */,
				1F87F2A21A705BBA00BAE0A1 /* TestData.swift */,
				1F87F2AA1A705DA100BAE0A1 /* WebserviceData.swift */,
			);
			name = DataSources;
			sourceTree = "<group>";
		};
/* End PBXGroup section */

/* Begin PBXNativeTarget section */
		1F87F2461A705AC200BAE0A1 /* DepotSwiftExample */ = {
			isa = PBXNativeTarget;
			buildConfigurationList = 1F87F2661A705AC200BAE0A1 /* Build configuration list for PBXNativeTarget "DepotSwiftExample" */;
			buildPhases = (
				1F87F2431A705AC200BAE0A1 /* Sources */,
				1F87F2441A705AC200BAE0A1 /* Frameworks */,
				1F87F2451A705AC200BAE0A1 /* Resources */,
			);
			buildRules = (
			);
			dependencies = (
			);
			name = DepotSwiftExample;
			productName = DepotSwiftExample;
			productReference = 1F87F2471A705AC200BAE0A1 /* DepotSwiftExample.app */;
			productType = "com.apple.product-type.application";
		};
		1F87F25B1A705AC200BAE0A1 /* DepotSwiftExampleTests */ = {
			isa = PBXNativeTarget;
			buildConfigurationList = 1F87F2691A705AC200BAE0A1 /* Build configuration list for PBXNativeTarget "DepotSwiftExampleTests" */;
			buildPhases = (
				1F87F2581A705AC200BAE0A1 /* Sources */,
				1F87F2591A705AC200BAE0A1 /* Frameworks */,
				1F87F25A1A705AC200BAE0A1 /* Resources */,
			);
			buildRules = (
			);
			dependencies = (
				1F87F25E1A705AC200BAE0A1 /* PBXTargetDependency */,
			);
			name = DepotSwiftExampleTests;
			productName = DepotSwiftExampleTests;
			productReference = 1F87F25C1A705AC200BAE0A1 /* DepotSwiftExampleTests.xctest */;
			productType = "com.apple.product-type.bundle.unit-test";
		};
/* End PBXNativeTarget section */

/* Begin PBXProject section */
		1F87F23F1A705AC200BAE0A1 /* Project object */ = {
			isa = PBXProject;
			attributes = {
				LastUpgradeCheck = 0610;
				ORGANIZATIONNAME = "Matthew York";
				TargetAttributes = {
					1F87F2461A705AC200BAE0A1 = {
						CreatedOnToolsVersion = 6.1.1;
					};
					1F87F25B1A705AC200BAE0A1 = {
						CreatedOnToolsVersion = 6.1.1;
						TestTargetID = 1F87F2461A705AC200BAE0A1;
					};
				};
			};
			buildConfigurationList = 1F87F2421A705AC200BAE0A1 /* Build configuration list for PBXProject "DepotSwiftExample" */;
			compatibilityVersion = "Xcode 3.2";
			developmentRegion = English;
			hasScannedForEncodings = 0;
			knownRegions = (
				en,
				Base,
			);
			mainGroup = 1F87F23E1A705AC200BAE0A1;
			productRefGroup = 1F87F2481A705AC200BAE0A1 /* Products */;
			projectDirPath = "";
			projectRoot = "";
			targets = (
				1F87F2461A705AC200BAE0A1 /* DepotSwiftExample */,
				1F87F25B1A705AC200BAE0A1 /* DepotSwiftExampleTests */,
			);
		};
/* End PBXProject section */

/* Begin PBXResourcesBuildPhase section */
		1F87F2451A705AC200BAE0A1 /* Resources */ = {
			isa = PBXResourcesBuildPhase;
			buildActionMask = 2147483647;
			files = (
				1F87F2521A705AC200BAE0A1 /* Main.storyboard in Resources */,
				1F87F2571A705AC200BAE0A1 /* LaunchScreen.xib in Resources */,
				1F87F2541A705AC200BAE0A1 /* Images.xcassets in Resources */,
			);
			runOnlyForDeploymentPostprocessing = 0;
		};
		1F87F25A1A705AC200BAE0A1 /* Resources */ = {
			isa = PBXResourcesBuildPhase;
			buildActionMask = 2147483647;
			files = (
			);
			runOnlyForDeploymentPostprocessing = 0;
		};
/* End PBXResourcesBuildPhase section */

/* Begin PBXSourcesBuildPhase section */
		1F87F2431A705AC200BAE0A1 /* Sources */ = {
			isa = PBXSourcesBuildPhase;
			buildActionMask = 2147483647;
			files = (
				1F87F2AB1A705DA100BAE0A1 /* WebserviceData.swift in Sources */,
				1F87F24F1A705AC200BAE0A1 /* ViewController.swift in Sources */,
				1F87F2A31A705BBA00BAE0A1 /* Depot.swift in Sources */,
				1F87F24D1A705AC200BAE0A1 /* AppDelegate.swift in Sources */,
				1F87F2A51A705BBA00BAE0A1 /* TestData.swift in Sources */,
				1F87F2A41A705BBA00BAE0A1 /* LocalDBData.swift in Sources */,
			);
			runOnlyForDeploymentPostprocessing = 0;
		};
		1F87F2581A705AC200BAE0A1 /* Sources */ = {
			isa = PBXSourcesBuildPhase;
			buildActionMask = 2147483647;
			files = (
				1F87F2631A705AC200BAE0A1 /* DepotSwiftExampleTests.swift in Sources */,
			);
			runOnlyForDeploymentPostprocessing = 0;
		};
/* End PBXSourcesBuildPhase section */

/* Begin PBXTargetDependency section */
		1F87F25E1A705AC200BAE0A1 /* PBXTargetDependency */ = {
			isa = PBXTargetDependency;
			target = 1F87F2461A705AC200BAE0A1 /* DepotSwiftExample */;
			targetProxy = 1F87F25D1A705AC200BAE0A1 /* PBXContainerItemProxy */;
		};
/* End PBXTargetDependency section */

/* Begin PBXVariantGroup section */
		1F87F2501A705AC200BAE0A1 /* Main.storyboard */ = {
			isa = PBXVariantGroup;
			children = (
				1F87F2511A705AC200BAE0A1 /* Base */,
			);
			name = Main.storyboard;
			sourceTree = "<group>";
		};
		1F87F2551A705AC200BAE0A1 /* LaunchScreen.xib */ = {
			isa = PBXVariantGroup;
			children = (
				1F87F2561A705AC200BAE0A1 /* Base */,
			);
			name = LaunchScreen.xib;
			sourceTree = "<group>";
		};
/* End PBXVariantGroup section */

/* Begin XCBuildConfiguration section */
		1F87F2641A705AC200BAE0A1 /* Debug */ = {
			isa = XCBuildConfiguration;
			buildSettings = {
				ALWAYS_SEARCH_USER_PATHS = NO;
				CLANG_CXX_LANGUAGE_STANDARD = "gnu++0x";
				CLANG_CXX_LIBRARY = "libc++";
				CLANG_ENABLE_MODULES = YES;
				CLANG_ENABLE_OBJC_ARC = YES;
				CLANG_WARN_BOOL_CONVERSION = YES;
				CLANG_WARN_CONSTANT_CONVERSION = YES;
				CLANG_WARN_DIRECT_OBJC_ISA_USAGE = YES_ERROR;
				CLANG_WARN_EMPTY_BODY = YES;
				CLANG_WARN_ENUM_CONVERSION = YES;
				CLANG_WARN_INT_CONVERSION = YES;
				CLANG_WARN_OBJC_ROOT_CLASS = YES_ERROR;
				CLANG_WARN_UNREACHABLE_CODE = YES;
				CLANG_WARN__DUPLICATE_METHOD_MATCH = YES;
				"CODE_SIGN_IDENTITY[sdk=iphoneos*]" = "iPhone Developer";
				COPY_PHASE_STRIP = NO;
				ENABLE_STRICT_OBJC_MSGSEND = YES;
				GCC_C_LANGUAGE_STANDARD = gnu99;
				GCC_DYNAMIC_NO_PIC = NO;
				GCC_OPTIMIZATION_LEVEL = 0;
				GCC_PREPROCESSOR_DEFINITIONS = (
					"DEBUG=1",
					"$(inherited)",
				);
				GCC_SYMBOLS_PRIVATE_EXTERN = NO;
				GCC_WARN_64_TO_32_BIT_CONVERSION = YES;
				GCC_WARN_ABOUT_RETURN_TYPE = YES_ERROR;
				GCC_WARN_UNDECLARED_SELECTOR = YES;
				GCC_WARN_UNINITIALIZED_AUTOS = YES_AGGRESSIVE;
				GCC_WARN_UNUSED_FUNCTION = YES;
				GCC_WARN_UNUSED_VARIABLE = YES;
				IPHONEOS_DEPLOYMENT_TARGET = 8.1;
				MTL_ENABLE_DEBUG_INFO = YES;
				ONLY_ACTIVE_ARCH = YES;
				SDKROOT = iphoneos;
				SWIFT_OPTIMIZATION_LEVEL = "-Onone";
			};
			name = Debug;
		};
		1F87F2651A705AC200BAE0A1 /* Release */ = {
			isa = XCBuildConfiguration;
			buildSettings = {
				ALWAYS_SEARCH_USER_PATHS = NO;
				CLANG_CXX_LANGUAGE_STANDARD = "gnu++0x";
				CLANG_CXX_LIBRARY = "libc++";
				CLANG_ENABLE_MODULES = YES;
				CLANG_ENABLE_OBJC_ARC = YES;
				CLANG_WARN_BOOL_CONVERSION = YES;
				CLANG_WARN_CONSTANT_CONVERSION = YES;
				CLANG_WARN_DIRECT_OBJC_ISA_USAGE = YES_ERROR;
				CLANG_WARN_EMPTY_BODY = YES;
				CLANG_WARN_ENUM_CONVERSION = YES;
				CLANG_WARN_INT_CONVERSION = YES;
				CLANG_WARN_OBJC_ROOT_CLASS = YES_ERROR;
				CLANG_WARN_UNREACHABLE_CODE = YES;
				CLANG_WARN__DUPLICATE_METHOD_MATCH = YES;
				"CODE_SIGN_IDENTITY[sdk=iphoneos*]" = "iPhone Developer";
				COPY_PHASE_STRIP = YES;
				ENABLE_NS_ASSERTIONS = NO;
				ENABLE_STRICT_OBJC_MSGSEND = YES;
				GCC_C_LANGUAGE_STANDARD = gnu99;
				GCC_WARN_64_TO_32_BIT_CONVERSION = YES;
				GCC_WARN_ABOUT_RETURN_TYPE = YES_ERROR;
				GCC_WARN_UNDECLARED_SELECTOR = YES;
				GCC_WARN_UNINITIALIZED_AUTOS = YES_AGGRESSIVE;
				GCC_WARN_UNUSED_FUNCTION = YES;
				GCC_WARN_UNUSED_VARIABLE = YES;
				IPHONEOS_DEPLOYMENT_TARGET = 8.1;
				MTL_ENABLE_DEBUG_INFO = NO;
				SDKROOT = iphoneos;
				VALIDATE_PRODUCT = YES;
			};
			name = Release;
		};
		1F87F2671A705AC200BAE0A1 /* Debug */ = {
			isa = XCBuildConfiguration;
			buildSettings = {
				ASSETCATALOG_COMPILER_APPICON_NAME = AppIcon;
				INFOPLIST_FILE = DepotSwiftExample/Info.plist;
				LD_RUNPATH_SEARCH_PATHS = "$(inherited) @executable_path/Frameworks";
				PRODUCT_NAME = "$(TARGET_NAME)";
			};
			name = Debug;
		};
		1F87F2681A705AC200BAE0A1 /* Release */ = {
			isa = XCBuildConfiguration;
			buildSettings = {
				ASSETCATALOG_COMPILER_APPICON_NAME = AppIcon;
				INFOPLIST_FILE = DepotSwiftExample/Info.plist;
				LD_RUNPATH_SEARCH_PATHS = "$(inherited) @executable_path/Frameworks";
				PRODUCT_NAME = "$(TARGET_NAME)";
			};
			name = Release;
		};
		1F87F26A1A705AC200BAE0A1 /* Debug */ = {
			isa = XCBuildConfiguration;
			buildSettings = {
				BUNDLE_LOADER = "$(TEST_HOST)";
				FRAMEWORK_SEARCH_PATHS = (
					"$(SDKROOT)/Developer/Library/Frameworks",
					"$(inherited)",
				);
				GCC_PREPROCESSOR_DEFINITIONS = (
					"DEBUG=1",
					"$(inherited)",
				);
				INFOPLIST_FILE = DepotSwiftExampleTests/Info.plist;
				LD_RUNPATH_SEARCH_PATHS = "$(inherited) @executable_path/Frameworks @loader_path/Frameworks";
				PRODUCT_NAME = "$(TARGET_NAME)";
				TEST_HOST = "$(BUILT_PRODUCTS_DIR)/DepotSwiftExample.app/DepotSwiftExample";
			};
			name = Debug;
		};
		1F87F26B1A705AC200BAE0A1 /* Release */ = {
			isa = XCBuildConfiguration;
			buildSettings = {
				BUNDLE_LOADER = "$(TEST_HOST)";
				FRAMEWORK_SEARCH_PATHS = (
					"$(SDKROOT)/Developer/Library/Frameworks",
					"$(inherited)",
				);
				INFOPLIST_FILE = DepotSwiftExampleTests/Info.plist;
				LD_RUNPATH_SEARCH_PATHS = "$(inherited) @executable_path/Frameworks @loader_path/Frameworks";
				PRODUCT_NAME = "$(TARGET_NAME)";
				TEST_HOST = "$(BUILT_PRODUCTS_DIR)/DepotSwiftExample.app/DepotSwiftExample";
			};
			name = Release;
		};
/* End XCBuildConfiguration section */

/* Begin XCConfigurationList section */
		1F87F2421A705AC200BAE0A1 /* Build configuration list for PBXProject "DepotSwiftExample" */ = {
			isa = XCConfigurationList;
			buildConfigurations = (
				1F87F2641A705AC200BAE0A1 /* Debug */,
				1F87F2651A705AC200BAE0A1 /* Release */,
			);
			defaultConfigurationIsVisible = 0;
			defaultConfigurationName = Release;
		};
		1F87F2661A705AC200BAE0A1 /* Build configuration list for PBXNativeTarget "DepotSwiftExample" */ = {
			isa = XCConfigurationList;
			buildConfigurations = (
				1F87F2671A705AC200BAE0A1 /* Debug */,
				1F87F2681A705AC200BAE0A1 /* Release */,
			);
			defaultConfigurationIsVisible = 0;
			defaultConfigurationName = Release;
		};
		1F87F2691A705AC200BAE0A1 /* Build configuration list for PBXNativeTarget "DepotSwiftExampleTests" */ = {
			isa = XCConfigurationList;
			buildConfigurations = (
				1F87F26A1A705AC200BAE0A1 /* Debug */,
				1F87F26B1A705AC200BAE0A1 /* Release */,
			);
			defaultConfigurationIsVisible = 0;
			defaultConfigurationName = Release;
		};
/* End XCConfigurationList section */
	};
	rootObject = 1F87F23F1A705AC200BAE0A1 /* Project object */;
}
